PODS:
  - AWSCore (2.4.1)
  - AWSS3 (2.4.1):
    - AWSCore (= 2.4.1)
  - FFile (0.1.7):
    - AWSCore
    - AWSS3
    - SPTPersistentCache
  - SPTPersistentCache (1.0.0)

DEPENDENCIES:
  - FFile (from `../`)

EXTERNAL SOURCES:
  FFile:
    :path: ../

SPEC CHECKSUMS:
  AWSCore: 9bfd632f04aaf12053e639d2a9120372844beb0d
  AWSS3: d7a3a694ffc4010e90b14755b5b9dbf70989c117
  FFile: 7d74948c380376affa41e2b553e1edef7a800a65
  SPTPersistentCache: c2ab4542796647387441169e352ba5f812128153

COCOAPODS: 0.39.0
